
Microsoft Visual Studio Solution File, Format Version 12.00
# Visual Studio 14
VisualStudioVersion = 14.0.25420.1
MinimumVisualStudioVersion = 10.0.40219.1
Project("{FAE04EC0-301F-11D3-BF4B-00C04F79EFBC}") = "Kontur.ImageTransformer", "Kontur.ImageTransformer\Kontur.ImageTransformer.csproj", "{9801585B-D1AA-4078-B9C4-7B7F8883E55E}"
EndProject
Project("{FAE04EC0-301F-11D3-BF4B-00C04F79EFBC}") = "Kontur.ImageTransformer.Application", "Kontur.ImageTransformer.Application\Kontur.ImageTransformer.Application.csproj", "{184DC912-4B0C-47FE-93DD-9EA921C977DE}"
EndProject
Project("{FAE04EC0-301F-11D3-BF4B-00C04F79EFBC}") = "Kontur.ImageTransformer.Log", "Kontur.ImageTransformer.Log\Kontur.ImageTransformer.Log.csproj", "{BB3C27EE-F3ED-4B0A-AB37-6294A18CD347}"
EndProject
Global
	GlobalSection(SolutionConfigurationPlatforms) = preSolution
		Debug|Any CPU = Debug|Any CPU
		Release|Any CPU = Release|Any CPU
	EndGlobalSection
	GlobalSection(ProjectConfigurationPlatforms) = postSolution
		{9801585B-D1AA-4078-B9C4-7B7F8883E55E}.Debug|Any CPU.ActiveCfg = Debug|Any CPU
		{9801585B-D1AA-4078-B9C4-7B7F8883E55E}.Debug|Any CPU.Build.0 = Debug|Any CPU
		{9801585B-D1AA-4078-B9C4-7B7F8883E55E}.Release|Any CPU.ActiveCfg = Release|Any CPU
		{9801585B-D1AA-4078-B9C4-7B7F8883E55E}.Release|Any CPU.Build.0 = Release|Any CPU
		{184DC912-4B0C-47FE-93DD-9EA921C977DE}.Debug|Any CPU.ActiveCfg = Debug|Any CPU
		{184DC912-4B0C-47FE-93DD-9EA921C977DE}.Debug|Any CPU.Build.0 = Debug|Any CPU
		{184DC912-4B0C-47FE-93DD-9EA921C977DE}.Release|Any CPU.ActiveCfg = Release|Any CPU
		{184DC912-4B0C-47FE-93DD-9EA921C977DE}.Release|Any CPU.Build.0 = Release|Any CPU
		{BB3C27EE-F3ED-4B0A-AB37-6294A18CD347}.Debug|Any CPU.ActiveCfg = Debug|Any CPU
		{BB3C27EE-F3ED-4B0A-AB37-6294A18CD347}.Debug|Any CPU.Build.0 = Debug|Any CPU
		{BB3C27EE-F3ED-4B0A-AB37-6294A18CD347}.Release|Any CPU.ActiveCfg = Release|Any CPU
		{BB3C27EE-F3ED-4B0A-AB37-6294A18CD347}.Release|Any CPU.Build.0 = Release|Any CPU
	EndGlobalSection
	GlobalSection(SolutionProperties) = preSolution
		HideSolutionNode = FALSE
	EndGlobalSection
	GlobalSection(ExtensibilityGlobals) = postSolution
		SolutionGuid = {B54A5E3E-1FD9-466E-90E3-156515C3D2B2}
	EndGlobalSection
EndGlobal
